// !$*UTF8*$!
{
	archiveVersion = 1;
	classes = {
	};
	objectVersion = 55;
	objects = {

/* Begin PBXBuildFile section */
		BC023B1829B9BE4200C1D1D8 /* AppDelegate.swift in Sources */ = {isa = PBXBuildFile; fileRef = BC023B1729B9BE4200C1D1D8 /* AppDelegate.swift */; };
		BC023B1A29B9BE4200C1D1D8 /* SceneDelegate.swift in Sources */ = {isa = PBXBuildFile; fileRef = BC023B1929B9BE4200C1D1D8 /* SceneDelegate.swift */; };
		BC023B1C29B9BE4200C1D1D8 /* ViewController.swift in Sources */ = {isa = PBXBuildFile; fileRef = BC023B1B29B9BE4200C1D1D8 /* ViewController.swift */; };
		BC023B1F29B9BE4200C1D1D8 /* Main.storyboard in Resources */ = {isa = PBXBuildFile; fileRef = BC023B1D29B9BE4200C1D1D8 /* Main.storyboard */; };
		BC023B2229B9BE4200C1D1D8 /* Trening.xcdatamodeld in Sources */ = {isa = PBXBuildFile; fileRef = BC023B2029B9BE4200C1D1D8 /* Trening.xcdatamodeld */; };
		BC023B2429B9BE4400C1D1D8 /* Assets.xcassets in Resources */ = {isa = PBXBuildFile; fileRef = BC023B2329B9BE4400C1D1D8 /* Assets.xcassets */; };
		BC023B2729B9BE4400C1D1D8 /* LaunchScreen.storyboard in Resources */ = {isa = PBXBuildFile; fileRef = BC023B2529B9BE4400C1D1D8 /* LaunchScreen.storyboard */; };
		BC023B3A29B9C03500C1D1D8 /* Localizable.strings in Resources */ = {isa = PBXBuildFile; fileRef = BC023B3C29B9C03500C1D1D8 /* Localizable.strings */; };
		BC023B4529B9C7D700C1D1D8 /* TrainingDataModel.swift in Sources */ = {isa = PBXBuildFile; fileRef = BC023B4429B9C7D700C1D1D8 /* TrainingDataModel.swift */; };
		BC023B4929B9D96300C1D1D8 /* String+Extension.swift in Sources */ = {isa = PBXBuildFile; fileRef = BC023B4829B9D96300C1D1D8 /* String+Extension.swift */; };
		BC662EE62A1CC52200E5B2F8 /* PlannedTrainingList.swift in Sources */ = {isa = PBXBuildFile; fileRef = BC662EE52A1CC52200E5B2F8 /* PlannedTrainingList.swift */; };
		BC662EE82A1CC9B900E5B2F8 /* PlanViewModel.swift in Sources */ = {isa = PBXBuildFile; fileRef = BC662EE72A1CC9B900E5B2F8 /* PlanViewModel.swift */; };
		BC662EED2A1DEF3400E5B2F8 /* AddPlannedTrainingController.swift in Sources */ = {isa = PBXBuildFile; fileRef = BC662EEC2A1DEF3400E5B2F8 /* AddPlannedTrainingController.swift */; };
		BCB2A6A729C44872003B67B7 /* MainMenuController.swift in Sources */ = {isa = PBXBuildFile; fileRef = BCB2A6A629C44872003B67B7 /* MainMenuController.swift */; };
		BCB2A6A929C45542003B67B7 /* MainMenuViewModel.swift in Sources */ = {isa = PBXBuildFile; fileRef = BCB2A6A829C45542003B67B7 /* MainMenuViewModel.swift */; };
		BCB2A6AB29C46BD0003B67B7 /* ProfileController.swift in Sources */ = {isa = PBXBuildFile; fileRef = BCB2A6AA29C46BD0003B67B7 /* ProfileController.swift */; };
		BCB2A6AD29C46C65003B67B7 /* ProfileHeader.swift in Sources */ = {isa = PBXBuildFile; fileRef = BCB2A6AC29C46C65003B67B7 /* ProfileHeader.swift */; };
		BCB2A6AF29C470A4003B67B7 /* ProfileViewModel.swift in Sources */ = {isa = PBXBuildFile; fileRef = BCB2A6AE29C470A4003B67B7 /* ProfileViewModel.swift */; };
		BCB2A6B229C4718D003B67B7 /* ProfileCell.swift in Sources */ = {isa = PBXBuildFile; fileRef = BCB2A6B029C4718C003B67B7 /* ProfileCell.swift */; };
		BCB2A6B329C4718D003B67B7 /* ProfileFoter.swift in Sources */ = {isa = PBXBuildFile; fileRef = BCB2A6B129C4718C003B67B7 /* ProfileFoter.swift */; };
		BCB2A6B529C47C35003B67B7 /* Bundle+Extension.swift in Sources */ = {isa = PBXBuildFile; fileRef = BCB2A6B429C47C35003B67B7 /* Bundle+Extension.swift */; };
		BCB2A6B729C84308003B67B7 /* GradientBaseController.swift in Sources */ = {isa = PBXBuildFile; fileRef = BCB2A6B629C84308003B67B7 /* GradientBaseController.swift */; };
		BCB2A6B929C86564003B67B7 /* RegisterUserController.swift in Sources */ = {isa = PBXBuildFile; fileRef = BCB2A6B829C86564003B67B7 /* RegisterUserController.swift */; };
		BCB2A6BB29C994B5003B67B7 /* RegisterUserViewModel.swift in Sources */ = {isa = PBXBuildFile; fileRef = BCB2A6BA29C994B5003B67B7 /* RegisterUserViewModel.swift */; };
		BCB2A6BD29C997A0003B67B7 /* AvatarControl.swift in Sources */ = {isa = PBXBuildFile; fileRef = BCB2A6BC29C997A0003B67B7 /* AvatarControl.swift */; };
		BCB2A6C229CAEBAB003B67B7 /* WaitView.swift in Sources */ = {isa = PBXBuildFile; fileRef = BCB2A6C129CAEBAA003B67B7 /* WaitView.swift */; };
		BCB2A6D129CC32F3003B67B7 /* ExerciseController.swift in Sources */ = {isa = PBXBuildFile; fileRef = BCB2A6D029CC32F3003B67B7 /* ExerciseController.swift */; };
		BCB2A6D329CC40D1003B67B7 /* ExerciseViewModel.swift in Sources */ = {isa = PBXBuildFile; fileRef = BCB2A6D229CC40D1003B67B7 /* ExerciseViewModel.swift */; };
		BCB2A6D629CC50D7003B67B7 /* TButton.swift in Sources */ = {isa = PBXBuildFile; fileRef = BCB2A6D529CC50D7003B67B7 /* TButton.swift */; };
		BCB2A6D929CC5638003B67B7 /* MenuComponent.swift in Sources */ = {isa = PBXBuildFile; fileRef = BCB2A6D829CC5637003B67B7 /* MenuComponent.swift */; };
		BCB2A6DB29CC6429003B67B7 /* ExerciseCell.swift in Sources */ = {isa = PBXBuildFile; fileRef = BCB2A6DA29CC6429003B67B7 /* ExerciseCell.swift */; };
		BCBE9A7D29BB145B00672DAC /* TrainingHistoryController.swift in Sources */ = {isa = PBXBuildFile; fileRef = BCBE9A7C29BB145B00672DAC /* TrainingHistoryController.swift */; };
		BCBE9A7F29BB182E00672DAC /* LoginController.swift in Sources */ = {isa = PBXBuildFile; fileRef = BCBE9A7E29BB182E00672DAC /* LoginController.swift */; };
		BCBE9A8129BB1C1800672DAC /* UIView+Extension.swift in Sources */ = {isa = PBXBuildFile; fileRef = BCBE9A8029BB1C1800672DAC /* UIView+Extension.swift */; };
		BCC80CD429BB2C000045A274 /* UIViewController+Extension.swift in Sources */ = {isa = PBXBuildFile; fileRef = BCC80CD329BB2C000045A274 /* UIViewController+Extension.swift */; };
		BCC80CD629BB3CA70045A274 /* DefaultDataModel.swift in Sources */ = {isa = PBXBuildFile; fileRef = BCC80CD529BB3CA70045A274 /* DefaultDataModel.swift */; };
		BCC80CD929BB3EE10045A274 /* Service.swift in Sources */ = {isa = PBXBuildFile; fileRef = BCC80CD829BB3EE10045A274 /* Service.swift */; };
		BCC80CDB29BB3F800045A274 /* UserDefaults+Extension.swift in Sources */ = {isa = PBXBuildFile; fileRef = BCC80CDA29BB3F800045A274 /* UserDefaults+Extension.swift */; };
		BCC80CDD29BF209B0045A274 /* UIColor+Extension.swift in Sources */ = {isa = PBXBuildFile; fileRef = BCC80CDC29BF209B0045A274 /* UIColor+Extension.swift */; };
		BCC80CDF29BF283A0045A274 /* InputContainerView.swift in Sources */ = {isa = PBXBuildFile; fileRef = BCC80CDE29BF28390045A274 /* InputContainerView.swift */; };
		BCC80CE129BF34730045A274 /* CustomTextField.swift in Sources */ = {isa = PBXBuildFile; fileRef = BCC80CE029BF34730045A274 /* CustomTextField.swift */; };
		BCC80CE329BF3B1B0045A274 /* LoginViewModel.swift in Sources */ = {isa = PBXBuildFile; fileRef = BCC80CE229BF3B1B0045A274 /* LoginViewModel.swift */; };
		BCC80CEE29C1AB240045A274 /* Logger.swift in Sources */ = {isa = PBXBuildFile; fileRef = BCC80CED29C1AB240045A274 /* Logger.swift */; };
		BCCC426629CCD0B9006B9C58 /* HeaderMenuViewAdd.swift in Sources */ = {isa = PBXBuildFile; fileRef = BCCC426529CCD0B9006B9C58 /* HeaderMenuViewAdd.swift */; };
		BCD9FF8129CCD292008AC95F /* Consts.swift in Sources */ = {isa = PBXBuildFile; fileRef = BCD9FF8029CCD292008AC95F /* Consts.swift */; };
		BCD9FF8329CDA524008AC95F /* TreningSchemesController.swift in Sources */ = {isa = PBXBuildFile; fileRef = BCD9FF8229CDA524008AC95F /* TreningSchemesController.swift */; };
		BCD9FF8529CDAEE2008AC95F /* AddTrainingSchemeController.swift in Sources */ = {isa = PBXBuildFile; fileRef = BCD9FF8429CDAEE2008AC95F /* AddTrainingSchemeController.swift */; };
		BCD9FF8929D1A6D2008AC95F /* TrainingSchemesViewModel.swift in Sources */ = {isa = PBXBuildFile; fileRef = BCD9FF8829D1A6D2008AC95F /* TrainingSchemesViewModel.swift */; };
		BCD9FF8B29D2BDDA008AC95F /* TrainingSchemesCell.swift in Sources */ = {isa = PBXBuildFile; fileRef = BCD9FF8A29D2BDDA008AC95F /* TrainingSchemesCell.swift */; };
		BCD9FF8D29D2BF71008AC95F /* TLabel.swift in Sources */ = {isa = PBXBuildFile; fileRef = BCD9FF8C29D2BF71008AC95F /* TLabel.swift */; };
		BCD9FF8F29D41B9D008AC95F /* APIProtocols.swift in Sources */ = {isa = PBXBuildFile; fileRef = BCD9FF8E29D41B9D008AC95F /* APIProtocols.swift */; };
		BCD9FF9129D56289008AC95F /* UIStackViewExtension.swift in Sources */ = {isa = PBXBuildFile; fileRef = BCD9FF9029D56288008AC95F /* UIStackViewExtension.swift */; };
		BCD9FF9329D56CB7008AC95F /* AddTrainingSchemeCell.swift in Sources */ = {isa = PBXBuildFile; fileRef = BCD9FF9229D56CB7008AC95F /* AddTrainingSchemeCell.swift */; };
		BCD9FF9729D6BA90008AC95F /* AddTrainingSchemeDataController.swift in Sources */ = {isa = PBXBuildFile; fileRef = BCD9FF9629D6BA90008AC95F /* AddTrainingSchemeDataController.swift */; };
		BCD9FF9929DAFCF7008AC95F /* SearchBar.swift in Sources */ = {isa = PBXBuildFile; fileRef = BCD9FF9829DAFCF7008AC95F /* SearchBar.swift */; };
		FE8F0B044BA63AFBD123E6F2 /* Pods_Trening.framework in Frameworks */ = {isa = PBXBuildFile; fileRef = 70AFBC627CBC07F47AF45821 /* Pods_Trening.framework */; };
/* End PBXBuildFile section */

/* Begin PBXFileReference section */
		4F0BF160ADC3C9B853CCA76B /* Pods-Trening.release.xcconfig */ = {isa = PBXFileReference; includeInIndex = 1; lastKnownFileType = text.xcconfig; name = "Pods-Trening.release.xcconfig"; path = "Target Support Files/Pods-Trening/Pods-Trening.release.xcconfig"; sourceTree = "<group>"; };
		70AFBC627CBC07F47AF45821 /* Pods_Trening.framework */ = {isa = PBXFileReference; explicitFileType = wrapper.framework; includeInIndex = 0; path = Pods_Trening.framework; sourceTree = BUILT_PRODUCTS_DIR; };
		7251F28D79F5711A90028FDC /* Pods-Trening.debug.xcconfig */ = {isa = PBXFileReference; includeInIndex = 1; lastKnownFileType = text.xcconfig; name = "Pods-Trening.debug.xcconfig"; path = "Target Support Files/Pods-Trening/Pods-Trening.debug.xcconfig"; sourceTree = "<group>"; };
		BC023B1429B9BE4200C1D1D8 /* Trening.app */ = {isa = PBXFileReference; explicitFileType = wrapper.application; includeInIndex = 0; path = Trening.app; sourceTree = BUILT_PRODUCTS_DIR; };
		BC023B1729B9BE4200C1D1D8 /* AppDelegate.swift */ = {isa = PBXFileReference; lastKnownFileType = sourcecode.swift; path = AppDelegate.swift; sourceTree = "<group>"; };
		BC023B1929B9BE4200C1D1D8 /* SceneDelegate.swift */ = {isa = PBXFileReference; lastKnownFileType = sourcecode.swift; path = SceneDelegate.swift; sourceTree = "<group>"; };
		BC023B1B29B9BE4200C1D1D8 /* ViewController.swift */ = {isa = PBXFileReference; lastKnownFileType = sourcecode.swift; path = ViewController.swift; sourceTree = "<group>"; };
		BC023B2129B9BE4200C1D1D8 /* Trening.xcdatamodel */ = {isa = PBXFileReference; lastKnownFileType = wrapper.xcdatamodel; path = Trening.xcdatamodel; sourceTree = "<group>"; };
		BC023B2329B9BE4400C1D1D8 /* Assets.xcassets */ = {isa = PBXFileReference; lastKnownFileType = folder.assetcatalog; path = Assets.xcassets; sourceTree = "<group>"; };
		BC023B2829B9BE4400C1D1D8 /* Info.plist */ = {isa = PBXFileReference; lastKnownFileType = text.plist.xml; path = Info.plist; sourceTree = "<group>"; };
		BC023B3229B9BF6200C1D1D8 /* Base */ = {isa = PBXFileReference; lastKnownFileType = file.storyboard; name = Base; path = Base.lproj/Main.storyboard; sourceTree = "<group>"; };
		BC023B3329B9BF6200C1D1D8 /* Base */ = {isa = PBXFileReference; lastKnownFileType = file.storyboard; name = Base; path = Base.lproj/LaunchScreen.storyboard; sourceTree = "<group>"; };
		BC023B3B29B9C03500C1D1D8 /* en */ = {isa = PBXFileReference; lastKnownFileType = text.plist.strings; name = en; path = en.lproj/Localizable.strings; sourceTree = "<group>"; };
		BC023B3E29B9C07E00C1D1D8 /* pl */ = {isa = PBXFileReference; lastKnownFileType = text.plist.strings; name = pl; path = pl.lproj/Main.strings; sourceTree = "<group>"; };
		BC023B3F29B9C07E00C1D1D8 /* pl */ = {isa = PBXFileReference; lastKnownFileType = text.plist.strings; name = pl; path = pl.lproj/LaunchScreen.strings; sourceTree = "<group>"; };
		BC023B4029B9C08E00C1D1D8 /* pl */ = {isa = PBXFileReference; lastKnownFileType = text.plist.strings; name = pl; path = pl.lproj/Localizable.strings; sourceTree = "<group>"; };
		BC023B4429B9C7D700C1D1D8 /* TrainingDataModel.swift */ = {isa = PBXFileReference; lastKnownFileType = sourcecode.swift; path = TrainingDataModel.swift; sourceTree = "<group>"; };
		BC023B4829B9D96300C1D1D8 /* String+Extension.swift */ = {isa = PBXFileReference; lastKnownFileType = sourcecode.swift; path = "String+Extension.swift"; sourceTree = "<group>"; };
		BC662EE52A1CC52200E5B2F8 /* PlannedTrainingList.swift */ = {isa = PBXFileReference; lastKnownFileType = sourcecode.swift; path = PlannedTrainingList.swift; sourceTree = "<group>"; };
		BC662EE72A1CC9B900E5B2F8 /* PlanViewModel.swift */ = {isa = PBXFileReference; lastKnownFileType = sourcecode.swift; path = PlanViewModel.swift; sourceTree = "<group>"; };
		BC662EEC2A1DEF3400E5B2F8 /* AddPlannedTrainingController.swift */ = {isa = PBXFileReference; lastKnownFileType = sourcecode.swift; path = AddPlannedTrainingController.swift; sourceTree = "<group>"; };
		BCB2A6A629C44872003B67B7 /* MainMenuController.swift */ = {isa = PBXFileReference; lastKnownFileType = sourcecode.swift; path = MainMenuController.swift; sourceTree = "<group>"; };
		BCB2A6A829C45542003B67B7 /* MainMenuViewModel.swift */ = {isa = PBXFileReference; lastKnownFileType = sourcecode.swift; path = MainMenuViewModel.swift; sourceTree = "<group>"; };
		BCB2A6AA29C46BD0003B67B7 /* ProfileController.swift */ = {isa = PBXFileReference; lastKnownFileType = sourcecode.swift; path = ProfileController.swift; sourceTree = "<group>"; };
		BCB2A6AC29C46C65003B67B7 /* ProfileHeader.swift */ = {isa = PBXFileReference; lastKnownFileType = sourcecode.swift; path = ProfileHeader.swift; sourceTree = "<group>"; };
		BCB2A6AE29C470A4003B67B7 /* ProfileViewModel.swift */ = {isa = PBXFileReference; lastKnownFileType = sourcecode.swift; path = ProfileViewModel.swift; sourceTree = "<group>"; };
		BCB2A6B029C4718C003B67B7 /* ProfileCell.swift */ = {isa = PBXFileReference; fileEncoding = 4; lastKnownFileType = sourcecode.swift; path = ProfileCell.swift; sourceTree = "<group>"; };
		BCB2A6B129C4718C003B67B7 /* ProfileFoter.swift */ = {isa = PBXFileReference; fileEncoding = 4; lastKnownFileType = sourcecode.swift; path = ProfileFoter.swift; sourceTree = "<group>"; };
		BCB2A6B429C47C35003B67B7 /* Bundle+Extension.swift */ = {isa = PBXFileReference; lastKnownFileType = sourcecode.swift; path = "Bundle+Extension.swift"; sourceTree = "<group>"; };
		BCB2A6B629C84308003B67B7 /* GradientBaseController.swift */ = {isa = PBXFileReference; lastKnownFileType = sourcecode.swift; path = GradientBaseController.swift; sourceTree = "<group>"; };
		BCB2A6B829C86564003B67B7 /* RegisterUserController.swift */ = {isa = PBXFileReference; lastKnownFileType = sourcecode.swift; path = RegisterUserController.swift; sourceTree = "<group>"; };
		BCB2A6BA29C994B5003B67B7 /* RegisterUserViewModel.swift */ = {isa = PBXFileReference; lastKnownFileType = sourcecode.swift; path = RegisterUserViewModel.swift; sourceTree = "<group>"; };
		BCB2A6BC29C997A0003B67B7 /* AvatarControl.swift */ = {isa = PBXFileReference; lastKnownFileType = sourcecode.swift; path = AvatarControl.swift; sourceTree = "<group>"; };
		BCB2A6C129CAEBAA003B67B7 /* WaitView.swift */ = {isa = PBXFileReference; lastKnownFileType = sourcecode.swift; path = WaitView.swift; sourceTree = "<group>"; };
		BCB2A6D029CC32F3003B67B7 /* ExerciseController.swift */ = {isa = PBXFileReference; lastKnownFileType = sourcecode.swift; path = ExerciseController.swift; sourceTree = "<group>"; };
		BCB2A6D229CC40D1003B67B7 /* ExerciseViewModel.swift */ = {isa = PBXFileReference; lastKnownFileType = sourcecode.swift; path = ExerciseViewModel.swift; sourceTree = "<group>"; };
		BCB2A6D529CC50D7003B67B7 /* TButton.swift */ = {isa = PBXFileReference; lastKnownFileType = sourcecode.swift; path = TButton.swift; sourceTree = "<group>"; };
		BCB2A6D829CC5637003B67B7 /* MenuComponent.swift */ = {isa = PBXFileReference; lastKnownFileType = sourcecode.swift; path = MenuComponent.swift; sourceTree = "<group>"; };
		BCB2A6DA29CC6429003B67B7 /* ExerciseCell.swift */ = {isa = PBXFileReference; lastKnownFileType = sourcecode.swift; path = ExerciseCell.swift; sourceTree = "<group>"; };
		BCBE9A7C29BB145B00672DAC /* TrainingHistoryController.swift */ = {isa = PBXFileReference; lastKnownFileType = sourcecode.swift; path = TrainingHistoryController.swift; sourceTree = "<group>"; };
		BCBE9A7E29BB182E00672DAC /* LoginController.swift */ = {isa = PBXFileReference; lastKnownFileType = sourcecode.swift; path = LoginController.swift; sourceTree = "<group>"; };
		BCBE9A8029BB1C1800672DAC /* UIView+Extension.swift */ = {isa = PBXFileReference; lastKnownFileType = sourcecode.swift; path = "UIView+Extension.swift"; sourceTree = "<group>"; };
		BCC80CD329BB2C000045A274 /* UIViewController+Extension.swift */ = {isa = PBXFileReference; lastKnownFileType = sourcecode.swift; path = "UIViewController+Extension.swift"; sourceTree = "<group>"; };
		BCC80CD529BB3CA70045A274 /* DefaultDataModel.swift */ = {isa = PBXFileReference; lastKnownFileType = sourcecode.swift; path = DefaultDataModel.swift; sourceTree = "<group>"; };
		BCC80CD829BB3EE10045A274 /* Service.swift */ = {isa = PBXFileReference; lastKnownFileType = sourcecode.swift; path = Service.swift; sourceTree = "<group>"; };
		BCC80CDA29BB3F800045A274 /* UserDefaults+Extension.swift */ = {isa = PBXFileReference; lastKnownFileType = sourcecode.swift; path = "UserDefaults+Extension.swift"; sourceTree = "<group>"; };
		BCC80CDC29BF209B0045A274 /* UIColor+Extension.swift */ = {isa = PBXFileReference; lastKnownFileType = sourcecode.swift; path = "UIColor+Extension.swift"; sourceTree = "<group>"; };
		BCC80CDE29BF28390045A274 /* InputContainerView.swift */ = {isa = PBXFileReference; lastKnownFileType = sourcecode.swift; path = InputContainerView.swift; sourceTree = "<group>"; };
		BCC80CE029BF34730045A274 /* CustomTextField.swift */ = {isa = PBXFileReference; lastKnownFileType = sourcecode.swift; path = CustomTextField.swift; sourceTree = "<group>"; };
		BCC80CE229BF3B1B0045A274 /* LoginViewModel.swift */ = {isa = PBXFileReference; lastKnownFileType = sourcecode.swift; path = LoginViewModel.swift; sourceTree = "<group>"; };
		BCC80CED29C1AB240045A274 /* Logger.swift */ = {isa = PBXFileReference; lastKnownFileType = sourcecode.swift; path = Logger.swift; sourceTree = "<group>"; };
		BCCC426529CCD0B9006B9C58 /* HeaderMenuViewAdd.swift */ = {isa = PBXFileReference; lastKnownFileType = sourcecode.swift; path = HeaderMenuViewAdd.swift; sourceTree = "<group>"; };
		BCD9FF8029CCD292008AC95F /* Consts.swift */ = {isa = PBXFileReference; lastKnownFileType = sourcecode.swift; path = Consts.swift; sourceTree = "<group>"; };
		BCD9FF8229CDA524008AC95F /* TreningSchemesController.swift */ = {isa = PBXFileReference; lastKnownFileType = sourcecode.swift; path = TreningSchemesController.swift; sourceTree = "<group>"; };
		BCD9FF8429CDAEE2008AC95F /* AddTrainingSchemeController.swift */ = {isa = PBXFileReference; lastKnownFileType = sourcecode.swift; path = AddTrainingSchemeController.swift; sourceTree = "<group>"; };
		BCD9FF8829D1A6D2008AC95F /* TrainingSchemesViewModel.swift */ = {isa = PBXFileReference; lastKnownFileType = sourcecode.swift; path = TrainingSchemesViewModel.swift; sourceTree = "<group>"; };
		BCD9FF8A29D2BDDA008AC95F /* TrainingSchemesCell.swift */ = {isa = PBXFileReference; lastKnownFileType = sourcecode.swift; path = TrainingSchemesCell.swift; sourceTree = "<group>"; };
		BCD9FF8C29D2BF71008AC95F /* TLabel.swift */ = {isa = PBXFileReference; lastKnownFileType = sourcecode.swift; path = TLabel.swift; sourceTree = "<group>"; };
		BCD9FF8E29D41B9D008AC95F /* APIProtocols.swift */ = {isa = PBXFileReference; lastKnownFileType = sourcecode.swift; path = APIProtocols.swift; sourceTree = "<group>"; };
		BCD9FF9029D56288008AC95F /* UIStackViewExtension.swift */ = {isa = PBXFileReference; fileEncoding = 4; lastKnownFileType = sourcecode.swift; path = UIStackViewExtension.swift; sourceTree = "<group>"; };
		BCD9FF9229D56CB7008AC95F /* AddTrainingSchemeCell.swift */ = {isa = PBXFileReference; lastKnownFileType = sourcecode.swift; path = AddTrainingSchemeCell.swift; sourceTree = "<group>"; };
		BCD9FF9629D6BA90008AC95F /* AddTrainingSchemeDataController.swift */ = {isa = PBXFileReference; lastKnownFileType = sourcecode.swift; path = AddTrainingSchemeDataController.swift; sourceTree = "<group>"; };
		BCD9FF9829DAFCF7008AC95F /* SearchBar.swift */ = {isa = PBXFileReference; lastKnownFileType = sourcecode.swift; path = SearchBar.swift; sourceTree = "<group>"; };
/* End PBXFileReference section */

/* Begin PBXFrameworksBuildPhase section */
		BC023B1129B9BE4200C1D1D8 /* Frameworks */ = {
			isa = PBXFrameworksBuildPhase;
			buildActionMask = 2147483647;
			files = (
				FE8F0B044BA63AFBD123E6F2 /* Pods_Trening.framework in Frameworks */,
			);
			runOnlyForDeploymentPostprocessing = 0;
		};
/* End PBXFrameworksBuildPhase section */

/* Begin PBXGroup section */
		3BB50B007FECD5A042B8CE14 /* Pods */ = {
			isa = PBXGroup;
			children = (
				7251F28D79F5711A90028FDC /* Pods-Trening.debug.xcconfig */,
				4F0BF160ADC3C9B853CCA76B /* Pods-Trening.release.xcconfig */,
			);
			path = Pods;
			sourceTree = "<group>";
		};
		92776339FAC88034AE65EC35 /* Frameworks */ = {
			isa = PBXGroup;
			children = (
				70AFBC627CBC07F47AF45821 /* Pods_Trening.framework */,
			);
			name = Frameworks;
			sourceTree = "<group>";
		};
		BC023B0B29B9BE4200C1D1D8 = {
			isa = PBXGroup;
			children = (
				BC023B1629B9BE4200C1D1D8 /* Trening */,
				BC023B1529B9BE4200C1D1D8 /* Products */,
				3BB50B007FECD5A042B8CE14 /* Pods */,
				92776339FAC88034AE65EC35 /* Frameworks */,
			);
			sourceTree = "<group>";
		};
		BC023B1529B9BE4200C1D1D8 /* Products */ = {
			isa = PBXGroup;
			children = (
				BC023B1429B9BE4200C1D1D8 /* Trening.app */,
			);
			name = Products;
			sourceTree = "<group>";
		};
		BC023B1629B9BE4200C1D1D8 /* Trening */ = {
			isa = PBXGroup;
			children = (
				BCB2A6D429CC4507003B67B7 /* New Group */,
				BC023B2E29B9BEB800C1D1D8 /* Database */,
				BC023B2F29B9BECE00C1D1D8 /* Main */,
				BC023B4129B9C0DC00C1D1D8 /* View */,
				BCBE9A7B29BB10B100672DAC /* Controller */,
				BC023B4229B9C75E00C1D1D8 /* ViewModel */,
				BC023B4329B9C76400C1D1D8 /* Model */,
				BCC80CD729BB3EC20045A274 /* API */,
				BC023B4629B9D90500C1D1D8 /* Utils */,
				BC023B2829B9BE4400C1D1D8 /* Info.plist */,
			);
			path = Trening;
			sourceTree = "<group>";
		};
		BC023B2E29B9BEB800C1D1D8 /* Database */ = {
			isa = PBXGroup;
			children = (
				BC023B2029B9BE4200C1D1D8 /* Trening.xcdatamodeld */,
			);
			path = Database;
			sourceTree = "<group>";
		};
		BC023B2F29B9BECE00C1D1D8 /* Main */ = {
			isa = PBXGroup;
			children = (
				BC023B1729B9BE4200C1D1D8 /* AppDelegate.swift */,
				BC023B1929B9BE4200C1D1D8 /* SceneDelegate.swift */,
				BC023B2329B9BE4400C1D1D8 /* Assets.xcassets */,
				BC023B1D29B9BE4200C1D1D8 /* Main.storyboard */,
				BC023B1B29B9BE4200C1D1D8 /* ViewController.swift */,
				BC023B2529B9BE4400C1D1D8 /* LaunchScreen.storyboard */,
				BC023B3C29B9C03500C1D1D8 /* Localizable.strings */,
			);
			path = Main;
			sourceTree = "<group>";
		};
		BC023B4129B9C0DC00C1D1D8 /* View */ = {
			isa = PBXGroup;
			children = (
				BCB2A6D729CC5188003B67B7 /* Cells */,
				BCC80CE029BF34730045A274 /* CustomTextField.swift */,
				BCC80CDE29BF28390045A274 /* InputContainerView.swift */,
				BCB2A6AC29C46C65003B67B7 /* ProfileHeader.swift */,
				BCB2A6B129C4718C003B67B7 /* ProfileFoter.swift */,
				BCB2A6BC29C997A0003B67B7 /* AvatarControl.swift */,
				BCB2A6C129CAEBAA003B67B7 /* WaitView.swift */,
				BCB2A6D529CC50D7003B67B7 /* TButton.swift */,
				BCB2A6D829CC5637003B67B7 /* MenuComponent.swift */,
				BCCC426529CCD0B9006B9C58 /* HeaderMenuViewAdd.swift */,
				BCD9FF8C29D2BF71008AC95F /* TLabel.swift */,
				BCD9FF9829DAFCF7008AC95F /* SearchBar.swift */,
			);
			path = View;
			sourceTree = "<group>";
		};
		BC023B4229B9C75E00C1D1D8 /* ViewModel */ = {
			isa = PBXGroup;
			children = (
				BCC80CE229BF3B1B0045A274 /* LoginViewModel.swift */,
				BCB2A6A829C45542003B67B7 /* MainMenuViewModel.swift */,
				BCB2A6AE29C470A4003B67B7 /* ProfileViewModel.swift */,
				BCB2A6BA29C994B5003B67B7 /* RegisterUserViewModel.swift */,
				BCB2A6D229CC40D1003B67B7 /* ExerciseViewModel.swift */,
				BCD9FF8829D1A6D2008AC95F /* TrainingSchemesViewModel.swift */,
				BC662EE72A1CC9B900E5B2F8 /* PlanViewModel.swift */,
			);
			path = ViewModel;
			sourceTree = "<group>";
		};
		BC023B4329B9C76400C1D1D8 /* Model */ = {
			isa = PBXGroup;
			children = (
				BC023B4429B9C7D700C1D1D8 /* TrainingDataModel.swift */,
				BCC80CD529BB3CA70045A274 /* DefaultDataModel.swift */,
			);
			path = Model;
			sourceTree = "<group>";
		};
		BC023B4629B9D90500C1D1D8 /* Utils */ = {
			isa = PBXGroup;
			children = (
				BC023B4729B9D93D00C1D1D8 /* Extensions */,
				BCC80CED29C1AB240045A274 /* Logger.swift */,
				BCB2A6B629C84308003B67B7 /* GradientBaseController.swift */,
				BCD9FF8029CCD292008AC95F /* Consts.swift */,
			);
			path = Utils;
			sourceTree = "<group>";
		};
		BC023B4729B9D93D00C1D1D8 /* Extensions */ = {
			isa = PBXGroup;
			children = (
				BCD9FF9029D56288008AC95F /* UIStackViewExtension.swift */,
				BC023B4829B9D96300C1D1D8 /* String+Extension.swift */,
				BCBE9A8029BB1C1800672DAC /* UIView+Extension.swift */,
				BCC80CD329BB2C000045A274 /* UIViewController+Extension.swift */,
				BCC80CDA29BB3F800045A274 /* UserDefaults+Extension.swift */,
				BCC80CDC29BF209B0045A274 /* UIColor+Extension.swift */,
				BCB2A6B429C47C35003B67B7 /* Bundle+Extension.swift */,
			);
			path = Extensions;
			sourceTree = "<group>";
		};
		BCB2A6D429CC4507003B67B7 /* New Group */ = {
			isa = PBXGroup;
			children = (
			);
			path = "New Group";
			sourceTree = "<group>";
		};
		BCB2A6D729CC5188003B67B7 /* Cells */ = {
			isa = PBXGroup;
			children = (
				BCB2A6B029C4718C003B67B7 /* ProfileCell.swift */,
				BCB2A6DA29CC6429003B67B7 /* ExerciseCell.swift */,
				BCD9FF8A29D2BDDA008AC95F /* TrainingSchemesCell.swift */,
				BCD9FF9229D56CB7008AC95F /* AddTrainingSchemeCell.swift */,
			);
			path = Cells;
			sourceTree = "<group>";
		};
		BCBE9A7B29BB10B100672DAC /* Controller */ = {
			isa = PBXGroup;
			children = (
				BCBE9A7C29BB145B00672DAC /* TrainingHistoryController.swift */,
				BCBE9A7E29BB182E00672DAC /* LoginController.swift */,
				BCB2A6A629C44872003B67B7 /* MainMenuController.swift */,
				BCB2A6AA29C46BD0003B67B7 /* ProfileController.swift */,
				BCB2A6B829C86564003B67B7 /* RegisterUserController.swift */,
				BCB2A6D029CC32F3003B67B7 /* ExerciseController.swift */,
				BCD9FF8229CDA524008AC95F /* TreningSchemesController.swift */,
				BCD9FF8429CDAEE2008AC95F /* AddTrainingSchemeController.swift */,
				BCD9FF9629D6BA90008AC95F /* AddTrainingSchemeDataController.swift */,
				BC662EE52A1CC52200E5B2F8 /* PlannedTrainingList.swift */,
				BC662EEC2A1DEF3400E5B2F8 /* AddPlannedTrainingController.swift */,
			);
			path = Controller;
			sourceTree = "<group>";
		};
		BCC80CD729BB3EC20045A274 /* API */ = {
			isa = PBXGroup;
			children = (
				BCD9FF8E29D41B9D008AC95F /* APIProtocols.swift */,
				BCC80CD829BB3EE10045A274 /* Service.swift */,
			);
			path = API;
			sourceTree = "<group>";
		};
/* End PBXGroup section */

/* Begin PBXNativeTarget section */
		BC023B1329B9BE4200C1D1D8 /* Trening */ = {
			isa = PBXNativeTarget;
			buildConfigurationList = BC023B2B29B9BE4400C1D1D8 /* Build configuration list for PBXNativeTarget "Trening" */;
			buildPhases = (
				0464F00CCAA11847728BC983 /* [CP] Check Pods Manifest.lock */,
				BC023B1029B9BE4200C1D1D8 /* Sources */,
				BC023B1129B9BE4200C1D1D8 /* Frameworks */,
				BC023B1229B9BE4200C1D1D8 /* Resources */,
				124B56991B8DA8C6A00D5257 /* [CP] Embed Pods Frameworks */,
			);
			buildRules = (
			);
			dependencies = (
			);
			name = Trening;
			productName = Trening;
			productReference = BC023B1429B9BE4200C1D1D8 /* Trening.app */;
			productType = "com.apple.product-type.application";
		};
/* End PBXNativeTarget section */

/* Begin PBXProject section */
		BC023B0C29B9BE4200C1D1D8 /* Project object */ = {
			isa = PBXProject;
			attributes = {
				BuildIndependentTargetsInParallel = 1;
				LastSwiftUpdateCheck = 1410;
				LastUpgradeCheck = 1410;
				TargetAttributes = {
					BC023B1329B9BE4200C1D1D8 = {
						CreatedOnToolsVersion = 14.1;
					};
				};
			};
			buildConfigurationList = BC023B0F29B9BE4200C1D1D8 /* Build configuration list for PBXProject "Trening" */;
			compatibilityVersion = "Xcode 13.0";
			developmentRegion = en;
			hasScannedForEncodings = 0;
			knownRegions = (
				en,
				Base,
				pl,
			);
			mainGroup = BC023B0B29B9BE4200C1D1D8;
			productRefGroup = BC023B1529B9BE4200C1D1D8 /* Products */;
			projectDirPath = "";
			projectRoot = "";
			targets = (
				BC023B1329B9BE4200C1D1D8 /* Trening */,
			);
		};
/* End PBXProject section */

/* Begin PBXResourcesBuildPhase section */
		BC023B1229B9BE4200C1D1D8 /* Resources */ = {
			isa = PBXResourcesBuildPhase;
			buildActionMask = 2147483647;
			files = (
				BC023B2729B9BE4400C1D1D8 /* LaunchScreen.storyboard in Resources */,
				BC023B3A29B9C03500C1D1D8 /* Localizable.strings in Resources */,
				BC023B2429B9BE4400C1D1D8 /* Assets.xcassets in Resources */,
				BC023B1F29B9BE4200C1D1D8 /* Main.storyboard in Resources */,
			);
			runOnlyForDeploymentPostprocessing = 0;
		};
/* End PBXResourcesBuildPhase section */

/* Begin PBXShellScriptBuildPhase section */
		0464F00CCAA11847728BC983 /* [CP] Check Pods Manifest.lock */ = {
			isa = PBXShellScriptBuildPhase;
			buildActionMask = 2147483647;
			files = (
			);
			inputFileListPaths = (
			);
			inputPaths = (
				"${PODS_PODFILE_DIR_PATH}/Podfile.lock",
				"${PODS_ROOT}/Manifest.lock",
			);
			name = "[CP] Check Pods Manifest.lock";
			outputFileListPaths = (
			);
			outputPaths = (
				"$(DERIVED_FILE_DIR)/Pods-Trening-checkManifestLockResult.txt",
			);
			runOnlyForDeploymentPostprocessing = 0;
			shellPath = /bin/sh;
			shellScript = "diff \"${PODS_PODFILE_DIR_PATH}/Podfile.lock\" \"${PODS_ROOT}/Manifest.lock\" > /dev/null\nif [ $? != 0 ] ; then\n    # print error to STDERR\n    echo \"error: The sandbox is not in sync with the Podfile.lock. Run 'pod install' or update your CocoaPods installation.\" >&2\n    exit 1\nfi\n# This output is used by Xcode 'outputs' to avoid re-running this script phase.\necho \"SUCCESS\" > \"${SCRIPT_OUTPUT_FILE_0}\"\n";
			showEnvVarsInLog = 0;
		};
		124B56991B8DA8C6A00D5257 /* [CP] Embed Pods Frameworks */ = {
			isa = PBXShellScriptBuildPhase;
			buildActionMask = 2147483647;
			files = (
			);
			inputFileListPaths = (
				"${PODS_ROOT}/Target Support Files/Pods-Trening/Pods-Trening-frameworks-${CONFIGURATION}-input-files.xcfilelist",
			);
			name = "[CP] Embed Pods Frameworks";
			outputFileListPaths = (
				"${PODS_ROOT}/Target Support Files/Pods-Trening/Pods-Trening-frameworks-${CONFIGURATION}-output-files.xcfilelist",
			);
			runOnlyForDeploymentPostprocessing = 0;
			shellPath = /bin/sh;
			shellScript = "\"${PODS_ROOT}/Target Support Files/Pods-Trening/Pods-Trening-frameworks.sh\"\n";
			showEnvVarsInLog = 0;
		};
/* End PBXShellScriptBuildPhase section */

/* Begin PBXSourcesBuildPhase section */
		BC023B1029B9BE4200C1D1D8 /* Sources */ = {
			isa = PBXSourcesBuildPhase;
			buildActionMask = 2147483647;
			files = (
				BCD9FF8B29D2BDDA008AC95F /* TrainingSchemesCell.swift in Sources */,
				BCB2A6BB29C994B5003B67B7 /* RegisterUserViewModel.swift in Sources */,
				BCC80CD629BB3CA70045A274 /* DefaultDataModel.swift in Sources */,
				BC023B4529B9C7D700C1D1D8 /* TrainingDataModel.swift in Sources */,
				BC023B1C29B9BE4200C1D1D8 /* ViewController.swift in Sources */,
				BCD9FF9929DAFCF7008AC95F /* SearchBar.swift in Sources */,
				BCD9FF8D29D2BF71008AC95F /* TLabel.swift in Sources */,
				BCB2A6B529C47C35003B67B7 /* Bundle+Extension.swift in Sources */,
				BC023B1829B9BE4200C1D1D8 /* AppDelegate.swift in Sources */,
				BCC80CE129BF34730045A274 /* CustomTextField.swift in Sources */,
				BCC80CDF29BF283A0045A274 /* InputContainerView.swift in Sources */,
				BCBE9A8129BB1C1800672DAC /* UIView+Extension.swift in Sources */,
				BCD9FF8929D1A6D2008AC95F /* TrainingSchemesViewModel.swift in Sources */,
				BCB2A6B929C86564003B67B7 /* RegisterUserController.swift in Sources */,
				BCC80CD929BB3EE10045A274 /* Service.swift in Sources */,
				BC023B1A29B9BE4200C1D1D8 /* SceneDelegate.swift in Sources */,
				BCB2A6D629CC50D7003B67B7 /* TButton.swift in Sources */,
				BCD9FF9129D56289008AC95F /* UIStackViewExtension.swift in Sources */,
				BCB2A6D329CC40D1003B67B7 /* ExerciseViewModel.swift in Sources */,
				BCC80CDD29BF209B0045A274 /* UIColor+Extension.swift in Sources */,
				BC662EED2A1DEF3400E5B2F8 /* AddPlannedTrainingController.swift in Sources */,
				BCB2A6AD29C46C65003B67B7 /* ProfileHeader.swift in Sources */,
				BCB2A6C229CAEBAB003B67B7 /* WaitView.swift in Sources */,
				BCD9FF8129CCD292008AC95F /* Consts.swift in Sources */,
				BCB2A6B329C4718D003B67B7 /* ProfileFoter.swift in Sources */,
				BCC80CE329BF3B1B0045A274 /* LoginViewModel.swift in Sources */,
				BCD9FF8329CDA524008AC95F /* TreningSchemesController.swift in Sources */,
				BCBE9A7F29BB182E00672DAC /* LoginController.swift in Sources */,
				BCD9FF9329D56CB7008AC95F /* AddTrainingSchemeCell.swift in Sources */,
				BCB2A6A929C45542003B67B7 /* MainMenuViewModel.swift in Sources */,
				BCB2A6D929CC5638003B67B7 /* MenuComponent.swift in Sources */,
				BCB2A6D129CC32F3003B67B7 /* ExerciseController.swift in Sources */,
				BCB2A6B729C84308003B67B7 /* GradientBaseController.swift in Sources */,
				BC023B4929B9D96300C1D1D8 /* String+Extension.swift in Sources */,
				BCB2A6AF29C470A4003B67B7 /* ProfileViewModel.swift in Sources */,
				BCB2A6AB29C46BD0003B67B7 /* ProfileController.swift in Sources */,
				BCC80CEE29C1AB240045A274 /* Logger.swift in Sources */,
				BCC80CDB29BB3F800045A274 /* UserDefaults+Extension.swift in Sources */,
				BCD9FF9729D6BA90008AC95F /* AddTrainingSchemeDataController.swift in Sources */,
				BCB2A6DB29CC6429003B67B7 /* ExerciseCell.swift in Sources */,
				BC023B2229B9BE4200C1D1D8 /* Trening.xcdatamodeld in Sources */,
				BCD9FF8F29D41B9D008AC95F /* APIProtocols.swift in Sources */,
				BCC80CD429BB2C000045A274 /* UIViewController+Extension.swift in Sources */,
				BC662EE62A1CC52200E5B2F8 /* PlannedTrainingList.swift in Sources */,
				BCB2A6B229C4718D003B67B7 /* ProfileCell.swift in Sources */,
				BCB2A6A729C44872003B67B7 /* MainMenuController.swift in Sources */,
				BCCC426629CCD0B9006B9C58 /* HeaderMenuViewAdd.swift in Sources */,
				BCB2A6BD29C997A0003B67B7 /* AvatarControl.swift in Sources */,
				BCD9FF8529CDAEE2008AC95F /* AddTrainingSchemeController.swift in Sources */,
				BCBE9A7D29BB145B00672DAC /* TrainingHistoryController.swift in Sources */,
				BC662EE82A1CC9B900E5B2F8 /* PlanViewModel.swift in Sources */,
			);
			runOnlyForDeploymentPostprocessing = 0;
		};
/* End PBXSourcesBuildPhase section */

/* Begin PBXVariantGroup section */
		BC023B1D29B9BE4200C1D1D8 /* Main.storyboard */ = {
			isa = PBXVariantGroup;
			children = (
				BC023B3229B9BF6200C1D1D8 /* Base */,
				BC023B3E29B9C07E00C1D1D8 /* pl */,
			);
			name = Main.storyboard;
			sourceTree = "<group>";
		};
		BC023B2529B9BE4400C1D1D8 /* LaunchScreen.storyboard */ = {
			isa = PBXVariantGroup;
			children = (
				BC023B3329B9BF6200C1D1D8 /* Base */,
				BC023B3F29B9C07E00C1D1D8 /* pl */,
			);
			name = LaunchScreen.storyboard;
			sourceTree = "<group>";
		};
		BC023B3C29B9C03500C1D1D8 /* Localizable.strings */ = {
			isa = PBXVariantGroup;
			children = (
				BC023B3B29B9C03500C1D1D8 /* en */,
				BC023B4029B9C08E00C1D1D8 /* pl */,
			);
			name = Localizable.strings;
			sourceTree = "<group>";
		};
/* End PBXVariantGroup section */

/* Begin XCBuildConfiguration section */
		BC023B2929B9BE4400C1D1D8 /* Debug */ = {
			isa = XCBuildConfiguration;
			buildSettings = {
				ALWAYS_SEARCH_USER_PATHS = NO;
				CLANG_ANALYZER_LOCALIZABILITY_NONLOCALIZED = YES;
				CLANG_ANALYZER_NONNULL = YES;
				CLANG_ANALYZER_NUMBER_OBJECT_CONVERSION = YES_AGGRESSIVE;
				CLANG_CXX_LANGUAGE_STANDARD = "gnu++20";
				CLANG_ENABLE_MODULES = YES;
				CLANG_ENABLE_OBJC_ARC = YES;
				CLANG_ENABLE_OBJC_WEAK = YES;
				CLANG_WARN_BLOCK_CAPTURE_AUTORELEASING = YES;
				CLANG_WARN_BOOL_CONVERSION = YES;
				CLANG_WARN_COMMA = YES;
				CLANG_WARN_CONSTANT_CONVERSION = YES;
				CLANG_WARN_DEPRECATED_OBJC_IMPLEMENTATIONS = YES;
				CLANG_WARN_DIRECT_OBJC_ISA_USAGE = YES_ERROR;
				CLANG_WARN_DOCUMENTATION_COMMENTS = YES;
				CLANG_WARN_EMPTY_BODY = YES;
				CLANG_WARN_ENUM_CONVERSION = YES;
				CLANG_WARN_INFINITE_RECURSION = YES;
				CLANG_WARN_INT_CONVERSION = YES;
				CLANG_WARN_NON_LITERAL_NULL_CONVERSION = YES;
				CLANG_WARN_OBJC_IMPLICIT_RETAIN_SELF = YES;
				CLANG_WARN_OBJC_LITERAL_CONVERSION = YES;
				CLANG_WARN_OBJC_ROOT_CLASS = YES_ERROR;
				CLANG_WARN_QUOTED_INCLUDE_IN_FRAMEWORK_HEADER = YES;
				CLANG_WARN_RANGE_LOOP_ANALYSIS = YES;
				CLANG_WARN_STRICT_PROTOTYPES = YES;
				CLANG_WARN_SUSPICIOUS_MOVE = YES;
				CLANG_WARN_UNGUARDED_AVAILABILITY = YES_AGGRESSIVE;
				CLANG_WARN_UNREACHABLE_CODE = YES;
				CLANG_WARN__DUPLICATE_METHOD_MATCH = YES;
				COPY_PHASE_STRIP = NO;
				DEBUG_INFORMATION_FORMAT = dwarf;
				ENABLE_STRICT_OBJC_MSGSEND = YES;
				ENABLE_TESTABILITY = YES;
				GCC_C_LANGUAGE_STANDARD = gnu11;
				GCC_DYNAMIC_NO_PIC = NO;
				GCC_NO_COMMON_BLOCKS = YES;
				GCC_OPTIMIZATION_LEVEL = 0;
				GCC_PREPROCESSOR_DEFINITIONS = (
					"DEBUG=1",
					"$(inherited)",
				);
				GCC_WARN_64_TO_32_BIT_CONVERSION = YES;
				GCC_WARN_ABOUT_RETURN_TYPE = YES_ERROR;
				GCC_WARN_UNDECLARED_SELECTOR = YES;
				GCC_WARN_UNINITIALIZED_AUTOS = YES_AGGRESSIVE;
				GCC_WARN_UNUSED_FUNCTION = YES;
				GCC_WARN_UNUSED_VARIABLE = YES;
				IPHONEOS_DEPLOYMENT_TARGET = 16.1;
				MTL_ENABLE_DEBUG_INFO = INCLUDE_SOURCE;
				MTL_FAST_MATH = YES;
				ONLY_ACTIVE_ARCH = YES;
				SDKROOT = iphoneos;
				SWIFT_ACTIVE_COMPILATION_CONDITIONS = DEBUG;
				SWIFT_OPTIMIZATION_LEVEL = "-Onone";
			};
			name = Debug;
		};
		BC023B2A29B9BE4400C1D1D8 /* Release */ = {
			isa = XCBuildConfiguration;
			buildSettings = {
				ALWAYS_SEARCH_USER_PATHS = NO;
				CLANG_ANALYZER_LOCALIZABILITY_NONLOCALIZED = YES;
				CLANG_ANALYZER_NONNULL = YES;
				CLANG_ANALYZER_NUMBER_OBJECT_CONVERSION = YES_AGGRESSIVE;
				CLANG_CXX_LANGUAGE_STANDARD = "gnu++20";
				CLANG_ENABLE_MODULES = YES;
				CLANG_ENABLE_OBJC_ARC = YES;
				CLANG_ENABLE_OBJC_WEAK = YES;
				CLANG_WARN_BLOCK_CAPTURE_AUTORELEASING = YES;
				CLANG_WARN_BOOL_CONVERSION = YES;
				CLANG_WARN_COMMA = YES;
				CLANG_WARN_CONSTANT_CONVERSION = YES;
				CLANG_WARN_DEPRECATED_OBJC_IMPLEMENTATIONS = YES;
				CLANG_WARN_DIRECT_OBJC_ISA_USAGE = YES_ERROR;
				CLANG_WARN_DOCUMENTATION_COMMENTS = YES;
				CLANG_WARN_EMPTY_BODY = YES;
				CLANG_WARN_ENUM_CONVERSION = YES;
				CLANG_WARN_INFINITE_RECURSION = YES;
				CLANG_WARN_INT_CONVERSION = YES;
				CLANG_WARN_NON_LITERAL_NULL_CONVERSION = YES;
				CLANG_WARN_OBJC_IMPLICIT_RETAIN_SELF = YES;
				CLANG_WARN_OBJC_LITERAL_CONVERSION = YES;
				CLANG_WARN_OBJC_ROOT_CLASS = YES_ERROR;
				CLANG_WARN_QUOTED_INCLUDE_IN_FRAMEWORK_HEADER = YES;
				CLANG_WARN_RANGE_LOOP_ANALYSIS = YES;
				CLANG_WARN_STRICT_PROTOTYPES = YES;
				CLANG_WARN_SUSPICIOUS_MOVE = YES;
				CLANG_WARN_UNGUARDED_AVAILABILITY = YES_AGGRESSIVE;
				CLANG_WARN_UNREACHABLE_CODE = YES;
				CLANG_WARN__DUPLICATE_METHOD_MATCH = YES;
				COPY_PHASE_STRIP = NO;
				DEBUG_INFORMATION_FORMAT = "dwarf-with-dsym";
				ENABLE_NS_ASSERTIONS = NO;
				ENABLE_STRICT_OBJC_MSGSEND = YES;
				GCC_C_LANGUAGE_STANDARD = gnu11;
				GCC_NO_COMMON_BLOCKS = YES;
				GCC_WARN_64_TO_32_BIT_CONVERSION = YES;
				GCC_WARN_ABOUT_RETURN_TYPE = YES_ERROR;
				GCC_WARN_UNDECLARED_SELECTOR = YES;
				GCC_WARN_UNINITIALIZED_AUTOS = YES_AGGRESSIVE;
				GCC_WARN_UNUSED_FUNCTION = YES;
				GCC_WARN_UNUSED_VARIABLE = YES;
				IPHONEOS_DEPLOYMENT_TARGET = 16.1;
				MTL_ENABLE_DEBUG_INFO = NO;
				MTL_FAST_MATH = YES;
				SDKROOT = iphoneos;
				SWIFT_COMPILATION_MODE = wholemodule;
				SWIFT_OPTIMIZATION_LEVEL = "-O";
				VALIDATE_PRODUCT = YES;
			};
			name = Release;
		};
		BC023B2C29B9BE4400C1D1D8 /* Debug */ = {
			isa = XCBuildConfiguration;
			baseConfigurationReference = 7251F28D79F5711A90028FDC /* Pods-Trening.debug.xcconfig */;
			buildSettings = {
				ASSETCATALOG_COMPILER_APPICON_NAME = AppIcon;
				ASSETCATALOG_COMPILER_GLOBAL_ACCENT_COLOR_NAME = AccentColor;
				CODE_SIGN_STYLE = Automatic;
				CURRENT_PROJECT_VERSION = 1;
				DEVELOPMENT_TEAM = BBJ63MLZR8;
				GENERATE_INFOPLIST_FILE = YES;
				INFOPLIST_FILE = Trening/Info.plist;
				INFOPLIST_KEY_UIApplicationSupportsIndirectInputEvents = YES;
				INFOPLIST_KEY_UILaunchStoryboardName = LaunchScreen;
				INFOPLIST_KEY_UIMainStoryboardFile = Main;
				INFOPLIST_KEY_UISupportedInterfaceOrientations = UIInterfaceOrientationPortrait;
				IPHONEOS_DEPLOYMENT_TARGET = 15.2;
				LD_RUNPATH_SEARCH_PATHS = (
					"$(inherited)",
					"@executable_path/Frameworks",
				);
				MARKETING_VERSION = 1.0;
				PRODUCT_BUNDLE_IDENTIFIER = com.lukasz.cieslik.Trening;
				PRODUCT_NAME = "$(TARGET_NAME)";
				SUPPORTED_PLATFORMS = "iphoneos iphonesimulator macosx";
				SUPPORTS_MACCATALYST = NO;
				SUPPORTS_MAC_DESIGNED_FOR_IPHONE_IPAD = NO;
				SWIFT_EMIT_LOC_STRINGS = YES;
				SWIFT_VERSION = 5.0;
				TARGETED_DEVICE_FAMILY = 1;
			};
			name = Debug;
		};
		BC023B2D29B9BE4400C1D1D8 /* Release */ = {
			isa = XCBuildConfiguration;
			baseConfigurationReference = 4F0BF160ADC3C9B853CCA76B /* Pods-Trening.release.xcconfig */;
			buildSettings = {
				ASSETCATALOG_COMPILER_APPICON_NAME = AppIcon;
				ASSETCATALOG_COMPILER_GLOBAL_ACCENT_COLOR_NAME = AccentColor;
				CODE_SIGN_STYLE = Automatic;
				CURRENT_PROJECT_VERSION = 1;
				DEVELOPMENT_TEAM = BBJ63MLZR8;
				GENERATE_INFOPLIST_FILE = YES;
				INFOPLIST_FILE = Trening/Info.plist;
				INFOPLIST_KEY_UIApplicationSupportsIndirectInputEvents = YES;
				INFOPLIST_KEY_UILaunchStoryboardName = LaunchScreen;
				INFOPLIST_KEY_UIMainStoryboardFile = Main;
				INFOPLIST_KEY_UISupportedInterfaceOrientations = UIInterfaceOrientationPortrait;
				IPHONEOS_DEPLOYMENT_TARGET = 15.2;
				LD_RUNPATH_SEARCH_PATHS = (
					"$(inherited)",
					"@executable_path/Frameworks",
				);
				MARKETING_VERSION = 1.0;
				PRODUCT_BUNDLE_IDENTIFIER = com.lukasz.cieslik.Trening;
				PRODUCT_NAME = "$(TARGET_NAME)";
				SUPPORTED_PLATFORMS = "iphoneos iphonesimulator macosx";
				SUPPORTS_MACCATALYST = NO;
				SUPPORTS_MAC_DESIGNED_FOR_IPHONE_IPAD = NO;
				SWIFT_EMIT_LOC_STRINGS = YES;
				SWIFT_VERSION = 5.0;
				TARGETED_DEVICE_FAMILY = 1;
			};
			name = Release;
		};
/* End XCBuildConfiguration section */

/* Begin XCConfigurationList section */
		BC023B0F29B9BE4200C1D1D8 /* Build configuration list for PBXProject "Trening" */ = {
			isa = XCConfigurationList;
			buildConfigurations = (
				BC023B2929B9BE4400C1D1D8 /* Debug */,
				BC023B2A29B9BE4400C1D1D8 /* Release */,
			);
			defaultConfigurationIsVisible = 0;
			defaultConfigurationName = Release;
		};
		BC023B2B29B9BE4400C1D1D8 /* Build configuration list for PBXNativeTarget "Trening" */ = {
			isa = XCConfigurationList;
			buildConfigurations = (
				BC023B2C29B9BE4400C1D1D8 /* Debug */,
				BC023B2D29B9BE4400C1D1D8 /* Release */,
			);
			defaultConfigurationIsVisible = 0;
			defaultConfigurationName = Release;
		};
/* End XCConfigurationList section */

/* Begin XCVersionGroup section */
		BC023B2029B9BE4200C1D1D8 /* Trening.xcdatamodeld */ = {
			isa = XCVersionGroup;
			children = (
				BC023B2129B9BE4200C1D1D8 /* Trening.xcdatamodel */,
			);
			currentVersion = BC023B2129B9BE4200C1D1D8 /* Trening.xcdatamodel */;
			path = Trening.xcdatamodeld;
			sourceTree = "<group>";
			versionGroupType = wrapper.xcdatamodel;
		};
/* End XCVersionGroup section */
	};
	rootObject = BC023B0C29B9BE4200C1D1D8 /* Project object */;
}
